// !$*UTF8*$!
{
	archiveVersion = 1;
	classes = {
	};
	objectVersion = 51;
	objects = {

/* Begin PBXBuildFile section */
		60B5668897418B03D48F931D /* Pods_Parstagram.framework in Frameworks */ = {isa = PBXBuildFile; fileRef = 5044BFD2126E2AADD199C1ED /* Pods_Parstagram.framework */; };
		62E7A4C5D1233A151FD4D42A /* Pods_ParstagramTests.framework in Frameworks */ = {isa = PBXBuildFile; fileRef = 1EFEE6F7C1B85EF581A5BB14 /* Pods_ParstagramTests.framework */; };
		6EEC420D7B60AE70279843D7 /* Pods_Parstagram_ParstagramUITests.framework in Frameworks */ = {isa = PBXBuildFile; fileRef = C7621A505B1D92ABB077D099 /* Pods_Parstagram_ParstagramUITests.framework */; };
		CAF71D3F27174BE000899735 /* AppDelegate.swift in Sources */ = {isa = PBXBuildFile; fileRef = CAF71D3E27174BE000899735 /* AppDelegate.swift */; };
		CAF71D4127174BE000899735 /* SceneDelegate.swift in Sources */ = {isa = PBXBuildFile; fileRef = CAF71D4027174BE000899735 /* SceneDelegate.swift */; };
		CAF71D4627174BE000899735 /* Main.storyboard in Resources */ = {isa = PBXBuildFile; fileRef = CAF71D4427174BE000899735 /* Main.storyboard */; };
		CAF71D4827174BE600899735 /* Assets.xcassets in Resources */ = {isa = PBXBuildFile; fileRef = CAF71D4727174BE600899735 /* Assets.xcassets */; };
		CAF71D4B27174BE600899735 /* LaunchScreen.storyboard in Resources */ = {isa = PBXBuildFile; fileRef = CAF71D4927174BE600899735 /* LaunchScreen.storyboard */; };
		CAF71D5627174BE600899735 /* ParstagramTests.swift in Sources */ = {isa = PBXBuildFile; fileRef = CAF71D5527174BE600899735 /* ParstagramTests.swift */; };
		CAF71D6127174BE700899735 /* ParstagramUITests.swift in Sources */ = {isa = PBXBuildFile; fileRef = CAF71D6027174BE700899735 /* ParstagramUITests.swift */; };
		CAF71D6F271756BE00899735 /* LoginViewController.swift in Sources */ = {isa = PBXBuildFile; fileRef = CAF71D6E271756BE00899735 /* LoginViewController.swift */; };
		CAF71D71271756E900899735 /* FeedViewController.swift in Sources */ = {isa = PBXBuildFile; fileRef = CAF71D70271756E900899735 /* FeedViewController.swift */; };
		CAF71D7327175D1B00899735 /* CameraViewController.swift in Sources */ = {isa = PBXBuildFile; fileRef = CAF71D7227175D1B00899735 /* CameraViewController.swift */; };
		CAF71D752717676800899735 /* PostCell.swift in Sources */ = {isa = PBXBuildFile; fileRef = CAF71D742717676800899735 /* PostCell.swift */; };
/* End PBXBuildFile section */

/* Begin PBXContainerItemProxy section */
		CAF71D5227174BE600899735 /* PBXContainerItemProxy */ = {
			isa = PBXContainerItemProxy;
			containerPortal = CAF71D3327174BE000899735 /* Project object */;
			proxyType = 1;
			remoteGlobalIDString = CAF71D3A27174BE000899735;
			remoteInfo = Parstagram;
		};
		CAF71D5D27174BE700899735 /* PBXContainerItemProxy */ = {
			isa = PBXContainerItemProxy;
			containerPortal = CAF71D3327174BE000899735 /* Project object */;
			proxyType = 1;
			remoteGlobalIDString = CAF71D3A27174BE000899735;
			remoteInfo = Parstagram;
		};
/* End PBXContainerItemProxy section */

/* Begin PBXFileReference section */
		1EFEE6F7C1B85EF581A5BB14 /* Pods_ParstagramTests.framework */ = {isa = PBXFileReference; explicitFileType = wrapper.framework; includeInIndex = 0; path = Pods_ParstagramTests.framework; sourceTree = BUILT_PRODUCTS_DIR; };
		40A4B4F8A17EC214239B43FF /* Pods-Parstagram.release.xcconfig */ = {isa = PBXFileReference; includeInIndex = 1; lastKnownFileType = text.xcconfig; name = "Pods-Parstagram.release.xcconfig"; path = "Target Support Files/Pods-Parstagram/Pods-Parstagram.release.xcconfig"; sourceTree = "<group>"; };
		5044BFD2126E2AADD199C1ED /* Pods_Parstagram.framework */ = {isa = PBXFileReference; explicitFileType = wrapper.framework; includeInIndex = 0; path = Pods_Parstagram.framework; sourceTree = BUILT_PRODUCTS_DIR; };
		7548BE168D1CA39E17D724E1 /* Pods-Parstagram-ParstagramUITests.release.xcconfig */ = {isa = PBXFileReference; includeInIndex = 1; lastKnownFileType = text.xcconfig; name = "Pods-Parstagram-ParstagramUITests.release.xcconfig"; path = "Target Support Files/Pods-Parstagram-ParstagramUITests/Pods-Parstagram-ParstagramUITests.release.xcconfig"; sourceTree = "<group>"; };
		81D96C1A54A77764B0804132 /* Pods-ParstagramTests.debug.xcconfig */ = {isa = PBXFileReference; includeInIndex = 1; lastKnownFileType = text.xcconfig; name = "Pods-ParstagramTests.debug.xcconfig"; path = "Target Support Files/Pods-ParstagramTests/Pods-ParstagramTests.debug.xcconfig"; sourceTree = "<group>"; };
		B7EA097F77BF6D7610C4CB62 /* Pods-ParstagramTests.release.xcconfig */ = {isa = PBXFileReference; includeInIndex = 1; lastKnownFileType = text.xcconfig; name = "Pods-ParstagramTests.release.xcconfig"; path = "Target Support Files/Pods-ParstagramTests/Pods-ParstagramTests.release.xcconfig"; sourceTree = "<group>"; };
		C7621A505B1D92ABB077D099 /* Pods_Parstagram_ParstagramUITests.framework */ = {isa = PBXFileReference; explicitFileType = wrapper.framework; includeInIndex = 0; path = Pods_Parstagram_ParstagramUITests.framework; sourceTree = BUILT_PRODUCTS_DIR; };
		C819BBFD0642DAFA78990301 /* Pods-Parstagram.debug.xcconfig */ = {isa = PBXFileReference; includeInIndex = 1; lastKnownFileType = text.xcconfig; name = "Pods-Parstagram.debug.xcconfig"; path = "Target Support Files/Pods-Parstagram/Pods-Parstagram.debug.xcconfig"; sourceTree = "<group>"; };
		CAF71D3B27174BE000899735 /* Parstagram.app */ = {isa = PBXFileReference; explicitFileType = wrapper.application; includeInIndex = 0; path = Parstagram.app; sourceTree = BUILT_PRODUCTS_DIR; };
		CAF71D3E27174BE000899735 /* AppDelegate.swift */ = {isa = PBXFileReference; lastKnownFileType = sourcecode.swift; path = AppDelegate.swift; sourceTree = "<group>"; };
		CAF71D4027174BE000899735 /* SceneDelegate.swift */ = {isa = PBXFileReference; lastKnownFileType = sourcecode.swift; path = SceneDelegate.swift; sourceTree = "<group>"; };
		CAF71D4527174BE000899735 /* Base */ = {isa = PBXFileReference; lastKnownFileType = file.storyboard; name = Base; path = Base.lproj/Main.storyboard; sourceTree = "<group>"; };
		CAF71D4727174BE600899735 /* Assets.xcassets */ = {isa = PBXFileReference; lastKnownFileType = folder.assetcatalog; path = Assets.xcassets; sourceTree = "<group>"; };
		CAF71D4A27174BE600899735 /* Base */ = {isa = PBXFileReference; lastKnownFileType = file.storyboard; name = Base; path = Base.lproj/LaunchScreen.storyboard; sourceTree = "<group>"; };
		CAF71D4C27174BE600899735 /* Info.plist */ = {isa = PBXFileReference; lastKnownFileType = text.plist.xml; path = Info.plist; sourceTree = "<group>"; };
		CAF71D5127174BE600899735 /* ParstagramTests.xctest */ = {isa = PBXFileReference; explicitFileType = wrapper.cfbundle; includeInIndex = 0; path = ParstagramTests.xctest; sourceTree = BUILT_PRODUCTS_DIR; };
		CAF71D5527174BE600899735 /* ParstagramTests.swift */ = {isa = PBXFileReference; lastKnownFileType = sourcecode.swift; path = ParstagramTests.swift; sourceTree = "<group>"; };
		CAF71D5727174BE600899735 /* Info.plist */ = {isa = PBXFileReference; lastKnownFileType = text.plist.xml; path = Info.plist; sourceTree = "<group>"; };
		CAF71D5C27174BE700899735 /* ParstagramUITests.xctest */ = {isa = PBXFileReference; explicitFileType = wrapper.cfbundle; includeInIndex = 0; path = ParstagramUITests.xctest; sourceTree = BUILT_PRODUCTS_DIR; };
		CAF71D6027174BE700899735 /* ParstagramUITests.swift */ = {isa = PBXFileReference; lastKnownFileType = sourcecode.swift; path = ParstagramUITests.swift; sourceTree = "<group>"; };
		CAF71D6227174BE700899735 /* Info.plist */ = {isa = PBXFileReference; lastKnownFileType = text.plist.xml; path = Info.plist; sourceTree = "<group>"; };
		CAF71D6E271756BE00899735 /* LoginViewController.swift */ = {isa = PBXFileReference; lastKnownFileType = sourcecode.swift; path = LoginViewController.swift; sourceTree = "<group>"; };
		CAF71D70271756E900899735 /* FeedViewController.swift */ = {isa = PBXFileReference; lastKnownFileType = sourcecode.swift; path = FeedViewController.swift; sourceTree = "<group>"; };
		CAF71D7227175D1B00899735 /* CameraViewController.swift */ = {isa = PBXFileReference; lastKnownFileType = sourcecode.swift; path = CameraViewController.swift; sourceTree = "<group>"; };
		CAF71D742717676800899735 /* PostCell.swift */ = {isa = PBXFileReference; lastKnownFileType = sourcecode.swift; path = PostCell.swift; sourceTree = "<group>"; };
		E89644F762C20F21A9F91225 /* Pods-Parstagram-ParstagramUITests.debug.xcconfig */ = {isa = PBXFileReference; includeInIndex = 1; lastKnownFileType = text.xcconfig; name = "Pods-Parstagram-ParstagramUITests.debug.xcconfig"; path = "Target Support Files/Pods-Parstagram-ParstagramUITests/Pods-Parstagram-ParstagramUITests.debug.xcconfig"; sourceTree = "<group>"; };
/* End PBXFileReference section */

/* Begin PBXFrameworksBuildPhase section */
		CAF71D3827174BE000899735 /* Frameworks */ = {
			isa = PBXFrameworksBuildPhase;
			buildActionMask = 2147483647;
			files = (
				60B5668897418B03D48F931D /* Pods_Parstagram.framework in Frameworks */,
			);
			runOnlyForDeploymentPostprocessing = 0;
		};
		CAF71D4E27174BE600899735 /* Frameworks */ = {
			isa = PBXFrameworksBuildPhase;
			buildActionMask = 2147483647;
			files = (
				62E7A4C5D1233A151FD4D42A /* Pods_ParstagramTests.framework in Frameworks */,
			);
			runOnlyForDeploymentPostprocessing = 0;
		};
		CAF71D5927174BE700899735 /* Frameworks */ = {
			isa = PBXFrameworksBuildPhase;
			buildActionMask = 2147483647;
			files = (
				6EEC420D7B60AE70279843D7 /* Pods_Parstagram_ParstagramUITests.framework in Frameworks */,
			);
			runOnlyForDeploymentPostprocessing = 0;
		};
/* End PBXFrameworksBuildPhase section */

/* Begin PBXGroup section */
		42789860110E3AA595B95ACC /* Pods */ = {
			isa = PBXGroup;
			children = (
				C819BBFD0642DAFA78990301 /* Pods-Parstagram.debug.xcconfig */,
				40A4B4F8A17EC214239B43FF /* Pods-Parstagram.release.xcconfig */,
				E89644F762C20F21A9F91225 /* Pods-Parstagram-ParstagramUITests.debug.xcconfig */,
				7548BE168D1CA39E17D724E1 /* Pods-Parstagram-ParstagramUITests.release.xcconfig */,
				81D96C1A54A77764B0804132 /* Pods-ParstagramTests.debug.xcconfig */,
				B7EA097F77BF6D7610C4CB62 /* Pods-ParstagramTests.release.xcconfig */,
			);
			path = Pods;
			sourceTree = "<group>";
		};
		CAF71D3227174BE000899735 = {
			isa = PBXGroup;
			children = (
				CAF71D3D27174BE000899735 /* Parstagram */,
				CAF71D5427174BE600899735 /* ParstagramTests */,
				CAF71D5F27174BE700899735 /* ParstagramUITests */,
				CAF71D3C27174BE000899735 /* Products */,
				42789860110E3AA595B95ACC /* Pods */,
				E8EE79B8910C0A1791F53DFB /* Frameworks */,
			);
			sourceTree = "<group>";
		};
		CAF71D3C27174BE000899735 /* Products */ = {
			isa = PBXGroup;
			children = (
				CAF71D3B27174BE000899735 /* Parstagram.app */,
				CAF71D5127174BE600899735 /* ParstagramTests.xctest */,
				CAF71D5C27174BE700899735 /* ParstagramUITests.xctest */,
			);
			name = Products;
			sourceTree = "<group>";
		};
		CAF71D3D27174BE000899735 /* Parstagram */ = {
			isa = PBXGroup;
			children = (
				CAF71D3E27174BE000899735 /* AppDelegate.swift */,
				CAF71D4027174BE000899735 /* SceneDelegate.swift */,
				CAF71D4427174BE000899735 /* Main.storyboard */,
				CAF71D4727174BE600899735 /* Assets.xcassets */,
				CAF71D4927174BE600899735 /* LaunchScreen.storyboard */,
				CAF71D4C27174BE600899735 /* Info.plist */,
				CAF71D6E271756BE00899735 /* LoginViewController.swift */,
				CAF71D70271756E900899735 /* FeedViewController.swift */,
				CAF71D7227175D1B00899735 /* CameraViewController.swift */,
				CAF71D742717676800899735 /* PostCell.swift */,
			);
			path = Parstagram;
			sourceTree = "<group>";
		};
		CAF71D5427174BE600899735 /* ParstagramTests */ = {
			isa = PBXGroup;
			children = (
				CAF71D5527174BE600899735 /* ParstagramTests.swift */,
				CAF71D5727174BE600899735 /* Info.plist */,
			);
			path = ParstagramTests;
			sourceTree = "<group>";
		};
		CAF71D5F27174BE700899735 /* ParstagramUITests */ = {
			isa = PBXGroup;
			children = (
				CAF71D6027174BE700899735 /* ParstagramUITests.swift */,
				CAF71D6227174BE700899735 /* Info.plist */,
			);
			path = ParstagramUITests;
			sourceTree = "<group>";
		};
		E8EE79B8910C0A1791F53DFB /* Frameworks */ = {
			isa = PBXGroup;
			children = (
				5044BFD2126E2AADD199C1ED /* Pods_Parstagram.framework */,
				C7621A505B1D92ABB077D099 /* Pods_Parstagram_ParstagramUITests.framework */,
				1EFEE6F7C1B85EF581A5BB14 /* Pods_ParstagramTests.framework */,
			);
			name = Frameworks;
			sourceTree = "<group>";
		};
/* End PBXGroup section */

/* Begin PBXNativeTarget section */
		CAF71D3A27174BE000899735 /* Parstagram */ = {
			isa = PBXNativeTarget;
			buildConfigurationList = CAF71D6527174BE700899735 /* Build configuration list for PBXNativeTarget "Parstagram" */;
			buildPhases = (
				B503AABCF644E24053C1AA4C /* [CP] Check Pods Manifest.lock */,
				CAF71D3727174BE000899735 /* Sources */,
				CAF71D3827174BE000899735 /* Frameworks */,
				CAF71D3927174BE000899735 /* Resources */,
				8F4DEBD375293D4944724C10 /* [CP] Embed Pods Frameworks */,
			);
			buildRules = (
			);
			dependencies = (
			);
			name = Parstagram;
			productName = Parstagram;
			productReference = CAF71D3B27174BE000899735 /* Parstagram.app */;
			productType = "com.apple.product-type.application";
		};
		CAF71D5027174BE600899735 /* ParstagramTests */ = {
			isa = PBXNativeTarget;
			buildConfigurationList = CAF71D6827174BE700899735 /* Build configuration list for PBXNativeTarget "ParstagramTests" */;
			buildPhases = (
				FB2D2E5E760DD6D8202A34F2 /* [CP] Check Pods Manifest.lock */,
				CAF71D4D27174BE600899735 /* Sources */,
				CAF71D4E27174BE600899735 /* Frameworks */,
				CAF71D4F27174BE600899735 /* Resources */,
			);
			buildRules = (
			);
			dependencies = (
				CAF71D5327174BE600899735 /* PBXTargetDependency */,
			);
			name = ParstagramTests;
			productName = ParstagramTests;
			productReference = CAF71D5127174BE600899735 /* ParstagramTests.xctest */;
			productType = "com.apple.product-type.bundle.unit-test";
		};
		CAF71D5B27174BE700899735 /* ParstagramUITests */ = {
			isa = PBXNativeTarget;
			buildConfigurationList = CAF71D6B27174BE700899735 /* Build configuration list for PBXNativeTarget "ParstagramUITests" */;
			buildPhases = (
				5EFFE34A40D0BB8D5697A431 /* [CP] Check Pods Manifest.lock */,
				CAF71D5827174BE700899735 /* Sources */,
				CAF71D5927174BE700899735 /* Frameworks */,
				CAF71D5A27174BE700899735 /* Resources */,
				D7351A211CF1898AB2711A25 /* [CP] Embed Pods Frameworks */,
			);
			buildRules = (
			);
			dependencies = (
				CAF71D5E27174BE700899735 /* PBXTargetDependency */,
			);
			name = ParstagramUITests;
			productName = ParstagramUITests;
			productReference = CAF71D5C27174BE700899735 /* ParstagramUITests.xctest */;
			productType = "com.apple.product-type.bundle.ui-testing";
		};
/* End PBXNativeTarget section */

/* Begin PBXProject section */
		CAF71D3327174BE000899735 /* Project object */ = {
			isa = PBXProject;
			attributes = {
				LastSwiftUpdateCheck = 1250;
				LastUpgradeCheck = 1250;
				TargetAttributes = {
					CAF71D3A27174BE000899735 = {
						CreatedOnToolsVersion = 12.5.1;
					};
					CAF71D5027174BE600899735 = {
						CreatedOnToolsVersion = 12.5.1;
						TestTargetID = CAF71D3A27174BE000899735;
					};
					CAF71D5B27174BE700899735 = {
						CreatedOnToolsVersion = 12.5.1;
						TestTargetID = CAF71D3A27174BE000899735;
					};
				};
			};
			buildConfigurationList = CAF71D3627174BE000899735 /* Build configuration list for PBXProject "Parstagram" */;
			compatibilityVersion = "Xcode 9.3";
			developmentRegion = en;
			hasScannedForEncodings = 0;
			knownRegions = (
				en,
				Base,
			);
			mainGroup = CAF71D3227174BE000899735;
			productRefGroup = CAF71D3C27174BE000899735 /* Products */;
			projectDirPath = "";
			projectRoot = "";
			targets = (
				CAF71D3A27174BE000899735 /* Parstagram */,
				CAF71D5027174BE600899735 /* ParstagramTests */,
				CAF71D5B27174BE700899735 /* ParstagramUITests */,
			);
		};
/* End PBXProject section */

/* Begin PBXResourcesBuildPhase section */
		CAF71D3927174BE000899735 /* Resources */ = {
			isa = PBXResourcesBuildPhase;
			buildActionMask = 2147483647;
			files = (
				CAF71D4B27174BE600899735 /* LaunchScreen.storyboard in Resources */,
				CAF71D4827174BE600899735 /* Assets.xcassets in Resources */,
				CAF71D4627174BE000899735 /* Main.storyboard in Resources */,
			);
			runOnlyForDeploymentPostprocessing = 0;
		};
		CAF71D4F27174BE600899735 /* Resources */ = {
			isa = PBXResourcesBuildPhase;
			buildActionMask = 2147483647;
			files = (
			);
			runOnlyForDeploymentPostprocessing = 0;
		};
		CAF71D5A27174BE700899735 /* Resources */ = {
			isa = PBXResourcesBuildPhase;
			buildActionMask = 2147483647;
			files = (
			);
			runOnlyForDeploymentPostprocessing = 0;
		};
/* End PBXResourcesBuildPhase section */

/* Begin PBXShellScriptBuildPhase section */
		5EFFE34A40D0BB8D5697A431 /* [CP] Check Pods Manifest.lock */ = {
			isa = PBXShellScriptBuildPhase;
			buildActionMask = 2147483647;
			files = (
			);
			inputFileListPaths = (
			);
			inputPaths = (
				"${PODS_PODFILE_DIR_PATH}/Podfile.lock",
				"${PODS_ROOT}/Manifest.lock",
			);
			name = "[CP] Check Pods Manifest.lock";
			outputFileListPaths = (
			);
			outputPaths = (
				"$(DERIVED_FILE_DIR)/Pods-Parstagram-ParstagramUITests-checkManifestLockResult.txt",
			);
			runOnlyForDeploymentPostprocessing = 0;
			shellPath = /bin/sh;
			shellScript = "diff \"${PODS_PODFILE_DIR_PATH}/Podfile.lock\" \"${PODS_ROOT}/Manifest.lock\" > /dev/null\nif [ $? != 0 ] ; then\n    # print error to STDERR\n    echo \"error: The sandbox is not in sync with the Podfile.lock. Run 'pod install' or update your CocoaPods installation.\" >&2\n    exit 1\nfi\n# This output is used by Xcode 'outputs' to avoid re-running this script phase.\necho \"SUCCESS\" > \"${SCRIPT_OUTPUT_FILE_0}\"\n";
			showEnvVarsInLog = 0;
		};
		8F4DEBD375293D4944724C10 /* [CP] Embed Pods Frameworks */ = {
			isa = PBXShellScriptBuildPhase;
			buildActionMask = 2147483647;
			files = (
			);
			inputFileListPaths = (
				"${PODS_ROOT}/Target Support Files/Pods-Parstagram/Pods-Parstagram-frameworks-${CONFIGURATION}-input-files.xcfilelist",
			);
			name = "[CP] Embed Pods Frameworks";
			outputFileListPaths = (
				"${PODS_ROOT}/Target Support Files/Pods-Parstagram/Pods-Parstagram-frameworks-${CONFIGURATION}-output-files.xcfilelist",
			);
			runOnlyForDeploymentPostprocessing = 0;
			shellPath = /bin/sh;
			shellScript = "\"${PODS_ROOT}/Target Support Files/Pods-Parstagram/Pods-Parstagram-frameworks.sh\"\n";
			showEnvVarsInLog = 0;
		};
		B503AABCF644E24053C1AA4C /* [CP] Check Pods Manifest.lock */ = {
			isa = PBXShellScriptBuildPhase;
			buildActionMask = 2147483647;
			files = (
			);
			inputFileListPaths = (
			);
			inputPaths = (
				"${PODS_PODFILE_DIR_PATH}/Podfile.lock",
				"${PODS_ROOT}/Manifest.lock",
			);
			name = "[CP] Check Pods Manifest.lock";
			outputFileListPaths = (
			);
			outputPaths = (
				"$(DERIVED_FILE_DIR)/Pods-Parstagram-checkManifestLockResult.txt",
			);
			runOnlyForDeploymentPostprocessing = 0;
			shellPath = /bin/sh;
			shellScript = "diff \"${PODS_PODFILE_DIR_PATH}/Podfile.lock\" \"${PODS_ROOT}/Manifest.lock\" > /dev/null\nif [ $? != 0 ] ; then\n    # print error to STDERR\n    echo \"error: The sandbox is not in sync with the Podfile.lock. Run 'pod install' or update your CocoaPods installation.\" >&2\n    exit 1\nfi\n# This output is used by Xcode 'outputs' to avoid re-running this script phase.\necho \"SUCCESS\" > \"${SCRIPT_OUTPUT_FILE_0}\"\n";
			showEnvVarsInLog = 0;
		};
		D7351A211CF1898AB2711A25 /* [CP] Embed Pods Frameworks */ = {
			isa = PBXShellScriptBuildPhase;
			buildActionMask = 2147483647;
			files = (
			);
			inputFileListPaths = (
				"${PODS_ROOT}/Target Support Files/Pods-Parstagram-ParstagramUITests/Pods-Parstagram-ParstagramUITests-frameworks-${CONFIGURATION}-input-files.xcfilelist",
			);
			name = "[CP] Embed Pods Frameworks";
			outputFileListPaths = (
				"${PODS_ROOT}/Target Support Files/Pods-Parstagram-ParstagramUITests/Pods-Parstagram-ParstagramUITests-frameworks-${CONFIGURATION}-output-files.xcfilelist",
			);
			runOnlyForDeploymentPostprocessing = 0;
			shellPath = /bin/sh;
			shellScript = "\"${PODS_ROOT}/Target Support Files/Pods-Parstagram-ParstagramUITests/Pods-Parstagram-ParstagramUITests-frameworks.sh\"\n";
			showEnvVarsInLog = 0;
		};
		FB2D2E5E760DD6D8202A34F2 /* [CP] Check Pods Manifest.lock */ = {
			isa = PBXShellScriptBuildPhase;
			buildActionMask = 2147483647;
			files = (
			);
			inputFileListPaths = (
			);
			inputPaths = (
				"${PODS_PODFILE_DIR_PATH}/Podfile.lock",
				"${PODS_ROOT}/Manifest.lock",
			);
			name = "[CP] Check Pods Manifest.lock";
			outputFileListPaths = (
			);
			outputPaths = (
				"$(DERIVED_FILE_DIR)/Pods-ParstagramTests-checkManifestLockResult.txt",
			);
			runOnlyForDeploymentPostprocessing = 0;
			shellPath = /bin/sh;
			shellScript = "diff \"${PODS_PODFILE_DIR_PATH}/Podfile.lock\" \"${PODS_ROOT}/Manifest.lock\" > /dev/null\nif [ $? != 0 ] ; then\n    # print error to STDERR\n    echo \"error: The sandbox is not in sync with the Podfile.lock. Run 'pod install' or update your CocoaPods installation.\" >&2\n    exit 1\nfi\n# This output is used by Xcode 'outputs' to avoid re-running this script phase.\necho \"SUCCESS\" > \"${SCRIPT_OUTPUT_FILE_0}\"\n";
			showEnvVarsInLog = 0;
		};
/* End PBXShellScriptBuildPhase section */

/* Begin PBXSourcesBuildPhase section */
		CAF71D3727174BE000899735 /* Sources */ = {
			isa = PBXSourcesBuildPhase;
			buildActionMask = 2147483647;
			files = (
				CAF71D6F271756BE00899735 /* LoginViewController.swift in Sources */,
				CAF71D7327175D1B00899735 /* CameraViewController.swift in Sources */,
				CAF71D3F27174BE000899735 /* AppDelegate.swift in Sources */,
				CAF71D71271756E900899735 /* FeedViewController.swift in Sources */,
				CAF71D4127174BE000899735 /* SceneDelegate.swift in Sources */,
				CAF71D752717676800899735 /* PostCell.swift in Sources */,
			);
			runOnlyForDeploymentPostprocessing = 0;
		};
		CAF71D4D27174BE600899735 /* Sources */ = {
			isa = PBXSourcesBuildPhase;
			buildActionMask = 2147483647;
			files = (
				CAF71D5627174BE600899735 /* ParstagramTests.swift in Sources */,
			);
			runOnlyForDeploymentPostprocessing = 0;
		};
		CAF71D5827174BE700899735 /* Sources */ = {
			isa = PBXSourcesBuildPhase;
			buildActionMask = 2147483647;
			files = (
				CAF71D6127174BE700899735 /* ParstagramUITests.swift in Sources */,
			);
			runOnlyForDeploymentPostprocessing = 0;
		};
/* End PBXSourcesBuildPhase section */

/* Begin PBXTargetDependency section */
		CAF71D5327174BE600899735 /* PBXTargetDependency */ = {
			isa = PBXTargetDependency;
			target = CAF71D3A27174BE000899735 /* Parstagram */;
			targetProxy = CAF71D5227174BE600899735 /* PBXContainerItemProxy */;
		};
		CAF71D5E27174BE700899735 /* PBXTargetDependency */ = {
			isa = PBXTargetDependency;
			target = CAF71D3A27174BE000899735 /* Parstagram */;
			targetProxy = CAF71D5D27174BE700899735 /* PBXContainerItemProxy */;
		};
/* End PBXTargetDependency section */

/* Begin PBXVariantGroup section */
		CAF71D4427174BE000899735 /* Main.storyboard */ = {
			isa = PBXVariantGroup;
			children = (
				CAF71D4527174BE000899735 /* Base */,
			);
			name = Main.storyboard;
			sourceTree = "<group>";
		};
		CAF71D4927174BE600899735 /* LaunchScreen.storyboard */ = {
			isa = PBXVariantGroup;
			children = (
				CAF71D4A27174BE600899735 /* Base */,
			);
			name = LaunchScreen.storyboard;
			sourceTree = "<group>";
		};
/* End PBXVariantGroup section */

/* Begin XCBuildConfiguration section */
		CAF71D6327174BE700899735 /* Debug */ = {
			isa = XCBuildConfiguration;
			buildSettings = {
				ALWAYS_SEARCH_USER_PATHS = NO;
				CLANG_ANALYZER_NONNULL = YES;
				CLANG_ANALYZER_NUMBER_OBJECT_CONVERSION = YES_AGGRESSIVE;
				CLANG_CXX_LANGUAGE_STANDARD = "gnu++14";
				CLANG_CXX_LIBRARY = "libc++";
				CLANG_ENABLE_MODULES = YES;
				CLANG_ENABLE_OBJC_ARC = YES;
				CLANG_ENABLE_OBJC_WEAK = YES;
				CLANG_WARN_BLOCK_CAPTURE_AUTORELEASING = YES;
				CLANG_WARN_BOOL_CONVERSION = YES;
				CLANG_WARN_COMMA = YES;
				CLANG_WARN_CONSTANT_CONVERSION = YES;
				CLANG_WARN_DEPRECATED_OBJC_IMPLEMENTATIONS = YES;
				CLANG_WARN_DIRECT_OBJC_ISA_USAGE = YES_ERROR;
				CLANG_WARN_DOCUMENTATION_COMMENTS = YES;
				CLANG_WARN_EMPTY_BODY = YES;
				CLANG_WARN_ENUM_CONVERSION = YES;
				CLANG_WARN_INFINITE_RECURSION = YES;
				CLANG_WARN_INT_CONVERSION = YES;
				CLANG_WARN_NON_LITERAL_NULL_CONVERSION = YES;
				CLANG_WARN_OBJC_IMPLICIT_RETAIN_SELF = YES;
				CLANG_WARN_OBJC_LITERAL_CONVERSION = YES;
				CLANG_WARN_OBJC_ROOT_CLASS = YES_ERROR;
				CLANG_WARN_QUOTED_INCLUDE_IN_FRAMEWORK_HEADER = YES;
				CLANG_WARN_RANGE_LOOP_ANALYSIS = YES;
				CLANG_WARN_STRICT_PROTOTYPES = YES;
				CLANG_WARN_SUSPICIOUS_MOVE = YES;
				CLANG_WARN_UNGUARDED_AVAILABILITY = YES_AGGRESSIVE;
				CLANG_WARN_UNREACHABLE_CODE = YES;
				CLANG_WARN__DUPLICATE_METHOD_MATCH = YES;
				COPY_PHASE_STRIP = NO;
				DEBUG_INFORMATION_FORMAT = dwarf;
				ENABLE_STRICT_OBJC_MSGSEND = YES;
				ENABLE_TESTABILITY = YES;
				GCC_C_LANGUAGE_STANDARD = gnu11;
				GCC_DYNAMIC_NO_PIC = NO;
				GCC_NO_COMMON_BLOCKS = YES;
				GCC_OPTIMIZATION_LEVEL = 0;
				GCC_PREPROCESSOR_DEFINITIONS = (
					"DEBUG=1",
					"$(inherited)",
				);
				GCC_WARN_64_TO_32_BIT_CONVERSION = YES;
				GCC_WARN_ABOUT_RETURN_TYPE = YES_ERROR;
				GCC_WARN_UNDECLARED_SELECTOR = YES;
				GCC_WARN_UNINITIALIZED_AUTOS = YES_AGGRESSIVE;
				GCC_WARN_UNUSED_FUNCTION = YES;
				GCC_WARN_UNUSED_VARIABLE = YES;
				IPHONEOS_DEPLOYMENT_TARGET = 14.5;
				MTL_ENABLE_DEBUG_INFO = INCLUDE_SOURCE;
				MTL_FAST_MATH = YES;
				ONLY_ACTIVE_ARCH = YES;
				SDKROOT = iphoneos;
				SWIFT_ACTIVE_COMPILATION_CONDITIONS = DEBUG;
				SWIFT_OPTIMIZATION_LEVEL = "-Onone";
			};
			name = Debug;
		};
		CAF71D6427174BE700899735 /* Release */ = {
			isa = XCBuildConfiguration;
			buildSettings = {
				ALWAYS_SEARCH_USER_PATHS = NO;
				CLANG_ANALYZER_NONNULL = YES;
				CLANG_ANALYZER_NUMBER_OBJECT_CONVERSION = YES_AGGRESSIVE;
				CLANG_CXX_LANGUAGE_STANDARD = "gnu++14";
				CLANG_CXX_LIBRARY = "libc++";
				CLANG_ENABLE_MODULES = YES;
				CLANG_ENABLE_OBJC_ARC = YES;
				CLANG_ENABLE_OBJC_WEAK = YES;
				CLANG_WARN_BLOCK_CAPTURE_AUTORELEASING = YES;
				CLANG_WARN_BOOL_CONVERSION = YES;
				CLANG_WARN_COMMA = YES;
				CLANG_WARN_CONSTANT_CONVERSION = YES;
				CLANG_WARN_DEPRECATED_OBJC_IMPLEMENTATIONS = YES;
				CLANG_WARN_DIRECT_OBJC_ISA_USAGE = YES_ERROR;
				CLANG_WARN_DOCUMENTATION_COMMENTS = YES;
				CLANG_WARN_EMPTY_BODY = YES;
				CLANG_WARN_ENUM_CONVERSION = YES;
				CLANG_WARN_INFINITE_RECURSION = YES;
				CLANG_WARN_INT_CONVERSION = YES;
				CLANG_WARN_NON_LITERAL_NULL_CONVERSION = YES;
				CLANG_WARN_OBJC_IMPLICIT_RETAIN_SELF = YES;
				CLANG_WARN_OBJC_LITERAL_CONVERSION = YES;
				CLANG_WARN_OBJC_ROOT_CLASS = YES_ERROR;
				CLANG_WARN_QUOTED_INCLUDE_IN_FRAMEWORK_HEADER = YES;
				CLANG_WARN_RANGE_LOOP_ANALYSIS = YES;
				CLANG_WARN_STRICT_PROTOTYPES = YES;
				CLANG_WARN_SUSPICIOUS_MOVE = YES;
				CLANG_WARN_UNGUARDED_AVAILABILITY = YES_AGGRESSIVE;
				CLANG_WARN_UNREACHABLE_CODE = YES;
				CLANG_WARN__DUPLICATE_METHOD_MATCH = YES;
				COPY_PHASE_STRIP = NO;
				DEBUG_INFORMATION_FORMAT = "dwarf-with-dsym";
				ENABLE_NS_ASSERTIONS = NO;
				ENABLE_STRICT_OBJC_MSGSEND = YES;
				GCC_C_LANGUAGE_STANDARD = gnu11;
				GCC_NO_COMMON_BLOCKS = YES;
				GCC_WARN_64_TO_32_BIT_CONVERSION = YES;
				GCC_WARN_ABOUT_RETURN_TYPE = YES_ERROR;
				GCC_WARN_UNDECLARED_SELECTOR = YES;
				GCC_WARN_UNINITIALIZED_AUTOS = YES_AGGRESSIVE;
				GCC_WARN_UNUSED_FUNCTION = YES;
				GCC_WARN_UNUSED_VARIABLE = YES;
				IPHONEOS_DEPLOYMENT_TARGET = 14.5;
				MTL_ENABLE_DEBUG_INFO = NO;
				MTL_FAST_MATH = YES;
				SDKROOT = iphoneos;
				SWIFT_COMPILATION_MODE = wholemodule;
				SWIFT_OPTIMIZATION_LEVEL = "-O";
				VALIDATE_PRODUCT = YES;
			};
			name = Release;
		};
		CAF71D6627174BE700899735 /* Debug */ = {
			isa = XCBuildConfiguration;
			baseConfigurationReference = C819BBFD0642DAFA78990301 /* Pods-Parstagram.debug.xcconfig */;
			buildSettings = {
				ASSETCATALOG_COMPILER_APPICON_NAME = AppIcon;
				ASSETCATALOG_COMPILER_GLOBAL_ACCENT_COLOR_NAME = AccentColor;
				CODE_SIGN_STYLE = Automatic;
				INFOPLIST_FILE = Parstagram/Info.plist;
				LD_RUNPATH_SEARCH_PATHS = (
					"$(inherited)",
					"@executable_path/Frameworks",
				);
				PRODUCT_BUNDLE_IDENTIFIER = com.cindyxyzhao.Parstagram;
				PRODUCT_NAME = "$(TARGET_NAME)";
				SWIFT_VERSION = 5.0;
				TARGETED_DEVICE_FAMILY = "1,2";
			};
			name = Debug;
		};
		CAF71D6727174BE700899735 /* Release */ = {
			isa = XCBuildConfiguration;
			baseConfigurationReference = 40A4B4F8A17EC214239B43FF /* Pods-Parstagram.release.xcconfig */;
			buildSettings = {
				ASSETCATALOG_COMPILER_APPICON_NAME = AppIcon;
				ASSETCATALOG_COMPILER_GLOBAL_ACCENT_COLOR_NAME = AccentColor;
				CODE_SIGN_STYLE = Automatic;
				INFOPLIST_FILE = Parstagram/Info.plist;
				LD_RUNPATH_SEARCH_PATHS = (
					"$(inherited)",
					"@executable_path/Frameworks",
				);
				PRODUCT_BUNDLE_IDENTIFIER = com.cindyxyzhao.Parstagram;
				PRODUCT_NAME = "$(TARGET_NAME)";
				SWIFT_VERSION = 5.0;
				TARGETED_DEVICE_FAMILY = "1,2";
			};
			name = Release;
		};
		CAF71D6927174BE700899735 /* Debug */ = {
			isa = XCBuildConfiguration;
			baseConfigurationReference = 81D96C1A54A77764B0804132 /* Pods-ParstagramTests.debug.xcconfig */;
			buildSettings = {
				ALWAYS_EMBED_SWIFT_STANDARD_LIBRARIES = YES;
				BUNDLE_LOADER = "$(TEST_HOST)";
				CODE_SIGN_STYLE = Automatic;
				INFOPLIST_FILE = ParstagramTests/Info.plist;
				IPHONEOS_DEPLOYMENT_TARGET = 14.5;
				LD_RUNPATH_SEARCH_PATHS = (
					"$(inherited)",
					"@executable_path/Frameworks",
					"@loader_path/Frameworks",
				);
				PRODUCT_BUNDLE_IDENTIFIER = com.cindyxyzhao.ParstagramTests;
				PRODUCT_NAME = "$(TARGET_NAME)";
				SWIFT_VERSION = 5.0;
				TARGETED_DEVICE_FAMILY = "1,2";
				TEST_HOST = "$(BUILT_PRODUCTS_DIR)/Parstagram.app/Parstagram";
			};
			name = Debug;
		};
		CAF71D6A27174BE700899735 /* Release */ = {
			isa = XCBuildConfiguration;
			baseConfigurationReference = B7EA097F77BF6D7610C4CB62 /* Pods-ParstagramTests.release.xcconfig */;
			buildSettings = {
				ALWAYS_EMBED_SWIFT_STANDARD_LIBRARIES = YES;
				BUNDLE_LOADER = "$(TEST_HOST)";
				CODE_SIGN_STYLE = Automatic;
				INFOPLIST_FILE = ParstagramTests/Info.plist;
				IPHONEOS_DEPLOYMENT_TARGET = 14.5;
				LD_RUNPATH_SEARCH_PATHS = (
					"$(inherited)",
					"@executable_path/Frameworks",
					"@loader_path/Frameworks",
				);
				PRODUCT_BUNDLE_IDENTIFIER = com.cindyxyzhao.ParstagramTests;
				PRODUCT_NAME = "$(TARGET_NAME)";
				SWIFT_VERSION = 5.0;
				TARGETED_DEVICE_FAMILY = "1,2";
				TEST_HOST = "$(BUILT_PRODUCTS_DIR)/Parstagram.app/Parstagram";
			};
			name = Release;
		};
		CAF71D6C27174BE700899735 /* Debug */ = {
			isa = XCBuildConfiguration;
			baseConfigurationReference = E89644F762C20F21A9F91225 /* Pods-Parstagram-ParstagramUITests.debug.xcconfig */;
			buildSettings = {
				ALWAYS_EMBED_SWIFT_STANDARD_LIBRARIES = YES;
				CODE_SIGN_STYLE = Automatic;
				INFOPLIST_FILE = ParstagramUITests/Info.plist;
				LD_RUNPATH_SEARCH_PATHS = (
					"$(inherited)",
					"@executable_path/Frameworks",
					"@loader_path/Frameworks",
				);
				PRODUCT_BUNDLE_IDENTIFIER = com.cindyxyzhao.ParstagramUITests;
				PRODUCT_NAME = "$(TARGET_NAME)";
				SWIFT_VERSION = 5.0;
				TARGETED_DEVICE_FAMILY = "1,2";
				TEST_TARGET_NAME = Parstagram;
			};
			name = Debug;
		};
		CAF71D6D27174BE700899735 /* Release */ = {
			isa = XCBuildConfiguration;
			baseConfigurationReference = 7548BE168D1CA39E17D724E1 /* Pods-Parstagram-ParstagramUITests.release.xcconfig */;
			buildSettings = {
				ALWAYS_EMBED_SWIFT_STANDARD_LIBRARIES = YES;
				CODE_SIGN_STYLE = Automatic;
				INFOPLIST_FILE = ParstagramUITests/Info.plist;
				LD_RUNPATH_SEARCH_PATHS = (
					"$(inherited)",
					"@executable_path/Frameworks",
					"@loader_path/Frameworks",
				);
				PRODUCT_BUNDLE_IDENTIFIER = com.cindyxyzhao.ParstagramUITests;
				PRODUCT_NAME = "$(TARGET_NAME)";
				SWIFT_VERSION = 5.0;
				TARGETED_DEVICE_FAMILY = "1,2";
				TEST_TARGET_NAME = Parstagram;
			};
			name = Release;
		};
/* End XCBuildConfiguration section */

/* Begin XCConfigurationList section */
		CAF71D3627174BE000899735 /* Build configuration list for PBXProject "Parstagram" */ = {
			isa = XCConfigurationList;
			buildConfigurations = (
				CAF71D6327174BE700899735 /* Debug */,
				CAF71D6427174BE700899735 /* Release */,
			);
			defaultConfigurationIsVisible = 0;
			defaultConfigurationName = Release;
		};
		CAF71D6527174BE700899735 /* Build configuration list for PBXNativeTarget "Parstagram" */ = {
			isa = XCConfigurationList;
			buildConfigurations = (
				CAF71D6627174BE700899735 /* Debug */,
				CAF71D6727174BE700899735 /* Release */,
			);
			defaultConfigurationIsVisible = 0;
			defaultConfigurationName = Release;
		};
		CAF71D6827174BE700899735 /* Build configuration list for PBXNativeTarget "ParstagramTests" */ = {
			isa = XCConfigurationList;
			buildConfigurations = (
				CAF71D6927174BE700899735 /* Debug */,
				CAF71D6A27174BE700899735 /* Release */,
			);
			defaultConfigurationIsVisible = 0;
			defaultConfigurationName = Release;
		};
		CAF71D6B27174BE700899735 /* Build configuration list for PBXNativeTarget "ParstagramUITests" */ = {
			isa = XCConfigurationList;
			buildConfigurations = (
				CAF71D6C27174BE700899735 /* Debug */,
				CAF71D6D27174BE700899735 /* Release */,
			);
			defaultConfigurationIsVisible = 0;
			defaultConfigurationName = Release;
		};
/* End XCConfigurationList section */
	};
	rootObject = CAF71D3327174BE000899735 /* Project object */;
}
